
Microsoft Visual Studio Solution File, Format Version 12.00
# Visual Studio Version 16
VisualStudioVersion = 16.0.30907.101
MinimumVisualStudioVersion = 15.0.26124.0
Project("{9A19103F-16F7-4668-BE54-9A1E7A4F7556}") = "API", "API\API.csproj", "{9E3F31A0-9EDA-4516-818F-087F5CA2983E}"
EndProject
Project("{E24C65DC-7377-472B-9ABA-BC803B73C61A}") = "client", "client\", "{266C4FE1-3792-4048-AFBB-F682DE08D79C}"
	ProjectSection(WebsiteProperties) = preProject
		TargetFrameworkMoniker = ".NETFramework,Version%3Dv4.0"
		Debug.AspNetCompiler.VirtualPath = "/localhost_54996"
		Debug.AspNetCompiler.PhysicalPath = "client\"
		Debug.AspNetCompiler.TargetPath = "PrecompiledWeb\localhost_54996\"
		Debug.AspNetCompiler.Updateable = "true"
		Debug.AspNetCompiler.ForceOverwrite = "true"
		Debug.AspNetCompiler.FixedNames = "false"
		Debug.AspNetCompiler.Debug = "True"
		Release.AspNetCompiler.VirtualPath = "/localhost_54996"
		Release.AspNetCompiler.PhysicalPath = "client\"
		Release.AspNetCompiler.TargetPath = "PrecompiledWeb\localhost_54996\"
		Release.AspNetCompiler.Updateable = "true"
		Release.AspNetCompiler.ForceOverwrite = "true"
		Release.AspNetCompiler.FixedNames = "false"
		Release.AspNetCompiler.Debug = "False"
		VWDPort = "54996"
	EndProjectSection
EndProject
Global
	GlobalSection(SolutionConfigurationPlatforms) = preSolution
		Debug|Any CPU = Debug|Any CPU
		Debug|x64 = Debug|x64
		Debug|x86 = Debug|x86
		Release|Any CPU = Release|Any CPU
		Release|x64 = Release|x64
		Release|x86 = Release|x86
	EndGlobalSection
	GlobalSection(ProjectConfigurationPlatforms) = postSolution
		{9E3F31A0-9EDA-4516-818F-087F5CA2983E}.Debug|Any CPU.ActiveCfg = Debug|Any CPU
		{9E3F31A0-9EDA-4516-818F-087F5CA2983E}.Debug|Any CPU.Build.0 = Debug|Any CPU
		{9E3F31A0-9EDA-4516-818F-087F5CA2983E}.Debug|x64.ActiveCfg = Debug|Any CPU
		{9E3F31A0-9EDA-4516-818F-087F5CA2983E}.Debug|x64.Build.0 = Debug|Any CPU
		{9E3F31A0-9EDA-4516-818F-087F5CA2983E}.Debug|x86.ActiveCfg = Debug|Any CPU
		{9E3F31A0-9EDA-4516-818F-087F5CA2983E}.Debug|x86.Build.0 = Debug|Any CPU
		{9E3F31A0-9EDA-4516-818F-087F5CA2983E}.Release|Any CPU.ActiveCfg = Release|Any CPU
		{9E3F31A0-9EDA-4516-818F-087F5CA2983E}.Release|Any CPU.Build.0 = Release|Any CPU
		{9E3F31A0-9EDA-4516-818F-087F5CA2983E}.Release|x64.ActiveCfg = Release|Any CPU
		{9E3F31A0-9EDA-4516-818F-087F5CA2983E}.Release|x64.Build.0 = Release|Any CPU
		{9E3F31A0-9EDA-4516-818F-087F5CA2983E}.Release|x86.ActiveCfg = Release|Any CPU
		{9E3F31A0-9EDA-4516-818F-087F5CA2983E}.Release|x86.Build.0 = Release|Any CPU
		{266C4FE1-3792-4048-AFBB-F682DE08D79C}.Debug|Any CPU.ActiveCfg = Debug|Any CPU
		{266C4FE1-3792-4048-AFBB-F682DE08D79C}.Debug|Any CPU.Build.0 = Debug|Any CPU
		{266C4FE1-3792-4048-AFBB-F682DE08D79C}.Debug|x64.ActiveCfg = Debug|Any CPU
		{266C4FE1-3792-4048-AFBB-F682DE08D79C}.Debug|x64.Build.0 = Debug|Any CPU
		{266C4FE1-3792-4048-AFBB-F682DE08D79C}.Debug|x86.ActiveCfg = Debug|Any CPU
		{266C4FE1-3792-4048-AFBB-F682DE08D79C}.Debug|x86.Build.0 = Debug|Any CPU
		{266C4FE1-3792-4048-AFBB-F682DE08D79C}.Release|Any CPU.ActiveCfg = Debug|Any CPU
		{266C4FE1-3792-4048-AFBB-F682DE08D79C}.Release|Any CPU.Build.0 = Debug|Any CPU
		{266C4FE1-3792-4048-AFBB-F682DE08D79C}.Release|x64.ActiveCfg = Debug|Any CPU
		{266C4FE1-3792-4048-AFBB-F682DE08D79C}.Release|x64.Build.0 = Debug|Any CPU
		{266C4FE1-3792-4048-AFBB-F682DE08D79C}.Release|x86.ActiveCfg = Debug|Any CPU
		{266C4FE1-3792-4048-AFBB-F682DE08D79C}.Release|x86.Build.0 = Debug|Any CPU
	EndGlobalSection
	GlobalSection(SolutionProperties) = preSolution
		HideSolutionNode = FALSE
	EndGlobalSection
	GlobalSection(ExtensibilityGlobals) = postSolution
		SolutionGuid = {4E8528AA-0D03-485E-AA33-C80705F68D07}
	EndGlobalSection
EndGlobal
